
Microsoft Visual Studio Solution File, Format Version 12.00
# Visual Studio Version 17
VisualStudioVersion = 17.11.35303.130
MinimumVisualStudioVersion = 10.0.40219.1
Project("{8BC9CEB8-8B4A-11D0-8D11-00A0C91BC942}") = "ParseURL", "ParseURL\ParseURL.vcxproj", "{A254A0BA-A091-4C0D-98AA-232637C629FA}"
EndProject
Project("{8BC9CEB8-8B4A-11D0-8D11-00A0C91BC942}") = "ParseURL_tests", "ParseURL_tests\ParseURL_tests.vcxproj", "{5EFE5970-3C7A-4D10-8A33-80EAA09DF285}"
EndProject
Global
	GlobalSection(SolutionConfigurationPlatforms) = preSolution
		Debug|x64 = Debug|x64
		Debug|x86 = Debug|x86
		Release|x64 = Release|x64
		Release|x86 = Release|x86
	EndGlobalSection
	GlobalSection(ProjectConfigurationPlatforms) = postSolution
		{A254A0BA-A091-4C0D-98AA-232637C629FA}.Debug|x64.ActiveCfg = Debug|x64
		{A254A0BA-A091-4C0D-98AA-232637C629FA}.Debug|x64.Build.0 = Debug|x64
		{A254A0BA-A091-4C0D-98AA-232637C629FA}.Debug|x86.ActiveCfg = Debug|Win32
		{A254A0BA-A091-4C0D-98AA-232637C629FA}.Debug|x86.Build.0 = Debug|Win32
		{A254A0BA-A091-4C0D-98AA-232637C629FA}.Release|x64.ActiveCfg = Release|x64
		{A254A0BA-A091-4C0D-98AA-232637C629FA}.Release|x64.Build.0 = Release|x64
		{A254A0BA-A091-4C0D-98AA-232637C629FA}.Release|x86.ActiveCfg = Release|Win32
		{A254A0BA-A091-4C0D-98AA-232637C629FA}.Release|x86.Build.0 = Release|Win32
		{5EFE5970-3C7A-4D10-8A33-80EAA09DF285}.Debug|x64.ActiveCfg = Debug|x64
		{5EFE5970-3C7A-4D10-8A33-80EAA09DF285}.Debug|x64.Build.0 = Debug|x64
		{5EFE5970-3C7A-4D10-8A33-80EAA09DF285}.Debug|x86.ActiveCfg = Debug|Win32
		{5EFE5970-3C7A-4D10-8A33-80EAA09DF285}.Debug|x86.Build.0 = Debug|Win32
		{5EFE5970-3C7A-4D10-8A33-80EAA09DF285}.Release|x64.ActiveCfg = Release|x64
		{5EFE5970-3C7A-4D10-8A33-80EAA09DF285}.Release|x64.Build.0 = Release|x64
		{5EFE5970-3C7A-4D10-8A33-80EAA09DF285}.Release|x86.ActiveCfg = Release|Win32
		{5EFE5970-3C7A-4D10-8A33-80EAA09DF285}.Release|x86.Build.0 = Release|Win32
	EndGlobalSection
	GlobalSection(SolutionProperties) = preSolution
		HideSolutionNode = FALSE
	EndGlobalSection
	GlobalSection(ExtensibilityGlobals) = postSolution
		SolutionGuid = {586B0025-386B-48B9-9D76-862021C1C786}
	EndGlobalSection
EndGlobal
