
Microsoft Visual Studio Solution File, Format Version 12.00
# Visual Studio Version 17
VisualStudioVersion = 17.11.35303.130
MinimumVisualStudioVersion = 10.0.40219.1
Project("{8BC9CEB8-8B4A-11D0-8D11-00A0C91BC942}") = "Radix", "Radix\Radix.vcxproj", "{68463AFD-3AEA-45CF-8FFC-7E53F0A347D3}"
EndProject
Global
	GlobalSection(SolutionConfigurationPlatforms) = preSolution
		Debug|x64 = Debug|x64
		Debug|x86 = Debug|x86
		Release|x64 = Release|x64
		Release|x86 = Release|x86
	EndGlobalSection
	GlobalSection(ProjectConfigurationPlatforms) = postSolution
		{68463AFD-3AEA-45CF-8FFC-7E53F0A347D3}.Debug|x64.ActiveCfg = Debug|x64
		{68463AFD-3AEA-45CF-8FFC-7E53F0A347D3}.Debug|x64.Build.0 = Debug|x64
		{68463AFD-3AEA-45CF-8FFC-7E53F0A347D3}.Debug|x86.ActiveCfg = Debug|Win32
		{68463AFD-3AEA-45CF-8FFC-7E53F0A347D3}.Debug|x86.Build.0 = Debug|Win32
		{68463AFD-3AEA-45CF-8FFC-7E53F0A347D3}.Release|x64.ActiveCfg = Release|x64
		{68463AFD-3AEA-45CF-8FFC-7E53F0A347D3}.Release|x64.Build.0 = Release|x64
		{68463AFD-3AEA-45CF-8FFC-7E53F0A347D3}.Release|x86.ActiveCfg = Release|Win32
		{68463AFD-3AEA-45CF-8FFC-7E53F0A347D3}.Release|x86.Build.0 = Release|Win32
	EndGlobalSection
	GlobalSection(SolutionProperties) = preSolution
		HideSolutionNode = FALSE
	EndGlobalSection
	GlobalSection(ExtensibilityGlobals) = postSolution
		SolutionGuid = {F83809CC-6D85-4862-BC16-873E2325FA7E}
	EndGlobalSection
EndGlobal
